
Microsoft Visual Studio Solution File, Format Version 12.00
# Visual Studio Version 16
VisualStudioVersion = 16.0.29324.140
MinimumVisualStudioVersion = 10.0.40219.1
Project("{9A19103F-16F7-4668-BE54-9A1E7A4F7556}") = "VideoScreenSaver", "VideoScreenSaver\VideoScreenSaver.csproj", "{8EAAD32F-BE77-4040-8E5D-BF6D31E4C1F0}"
EndProject
Project("{930C7802-8A8C-48F9-8165-68863BCCD9DD}") = "SetupProject", "SetupProject\SetupProject.wixproj", "{D23AFC20-2DF5-4CE0-B933-146246B9FD9D}"
EndProject
Global
	GlobalSection(SolutionConfigurationPlatforms) = preSolution
		Debug|Any CPU = Debug|Any CPU
		Debug|x86 = Debug|x86
		Release|Any CPU = Release|Any CPU
		Release|x86 = Release|x86
	EndGlobalSection
	GlobalSection(ProjectConfigurationPlatforms) = postSolution
		{8EAAD32F-BE77-4040-8E5D-BF6D31E4C1F0}.Debug|Any CPU.ActiveCfg = Debug|Any CPU
		{8EAAD32F-BE77-4040-8E5D-BF6D31E4C1F0}.Debug|Any CPU.Build.0 = Debug|Any CPU
		{8EAAD32F-BE77-4040-8E5D-BF6D31E4C1F0}.Debug|x86.ActiveCfg = Debug|Any CPU
		{8EAAD32F-BE77-4040-8E5D-BF6D31E4C1F0}.Debug|x86.Build.0 = Debug|Any CPU
		{8EAAD32F-BE77-4040-8E5D-BF6D31E4C1F0}.Release|Any CPU.ActiveCfg = Release|Any CPU
		{8EAAD32F-BE77-4040-8E5D-BF6D31E4C1F0}.Release|Any CPU.Build.0 = Release|Any CPU
		{8EAAD32F-BE77-4040-8E5D-BF6D31E4C1F0}.Release|x86.ActiveCfg = Release|Any CPU
		{8EAAD32F-BE77-4040-8E5D-BF6D31E4C1F0}.Release|x86.Build.0 = Release|Any CPU
		{D23AFC20-2DF5-4CE0-B933-146246B9FD9D}.Debug|Any CPU.ActiveCfg = Debug|x86
		{D23AFC20-2DF5-4CE0-B933-146246B9FD9D}.Debug|x86.ActiveCfg = Debug|x86
		{D23AFC20-2DF5-4CE0-B933-146246B9FD9D}.Debug|x86.Build.0 = Debug|x86
		{D23AFC20-2DF5-4CE0-B933-146246B9FD9D}.Release|Any CPU.ActiveCfg = Release|x86
		{D23AFC20-2DF5-4CE0-B933-146246B9FD9D}.Release|x86.ActiveCfg = Release|x86
		{D23AFC20-2DF5-4CE0-B933-146246B9FD9D}.Release|x86.Build.0 = Release|x86
	EndGlobalSection
	GlobalSection(SolutionProperties) = preSolution
		HideSolutionNode = FALSE
	EndGlobalSection
	GlobalSection(ExtensibilityGlobals) = postSolution
		SolutionGuid = {7F59B4D2-63B3-4FB2-973E-A8832A2400A0}
	EndGlobalSection
EndGlobal
